// !$*UTF8*$!
{
	archiveVersion = 1;
	classes = {
	};
	objectVersion = 46;
	objects = {

/* Begin PBXFileReference section */
		6446F098181447CD006EF8F3 /* CustomModel.h */ = {isa = PBXFileReference; lastKnownFileType = sourcecode.c.h; path = CustomModel.h; sourceTree = "<group>"; };
		6446F099181447CD006EF8F3 /* CustomModel.m */ = {isa = PBXFileReference; lastKnownFileType = sourcecode.c.objc; path = CustomModel.m; sourceTree = "<group>"; };
/* End PBXFileReference section */

/* Begin PBXGroup section */
		6446F09118144799006EF8F3 = {
			isa = PBXGroup;
			children = (
				6446F098181447CD006EF8F3 /* CustomModel.h */,
				6446F099181447CD006EF8F3 /* CustomModel.m */,
			);
			sourceTree = "<group>";
		};
/* End PBXGroup section */

/* Begin PBXProject section */
		6446F09218144799006EF8F3 /* Project object */ = {
			isa = PBXProject;
			attributes = {
				LastUpgradeCheck = 0460;
			};
			buildConfigurationList = 6446F09518144799006EF8F3 /* Build configuration list for PBXProject "YSDebugger" */;
			compatibilityVersion = "Xcode 3.2";
			developmentRegion = English;
			hasScannedForEncodings = 0;
			knownRegions = (
				en,
			);
			mainGroup = 6446F09118144799006EF8F3;
			projectDirPath = "";
			projectRoot = "";
			targets = (
			);
		};
/* End PBXProject section */

/* Begin XCBuildConfiguration section */
		6446F09618144799006EF8F3 /* Debug */ = {
			isa = XCBuildConfiguration;
			buildSettings = {
			};
			name = Debug;
		};
		6446F09718144799006EF8F3 /* Release */ = {
			isa = XCBuildConfiguration;
			buildSettings = {
			};
			name = Release;
		};
/* End XCBuildConfiguration section */

/* Begin XCConfigurationList section */
		6446F09518144799006EF8F3 /* Build configuration list for PBXProject "YSDebugger" */ = {
			isa = XCConfigurationList;
			buildConfigurations = (
				6446F09618144799006EF8F3 /* Debug */,
				6446F09718144799006EF8F3 /* Release */,
			);
			defaultConfigurationIsVisible = 0;
			defaultConfigurationName = Release;
		};
/* End XCConfigurationList section */
	};
	rootObject = 6446F09218144799006EF8F3 /* Project object */;
}
